{
    "repository": "https://github.com/sauljabin/changeloggh",
    "versions": [
        {
            "version": "Unreleased",
            "changes": [
                {
                    "type": "Added",
                    "entries": [
                        "Initial setup"
                    ]
                }
            ]
        }
    ]
}