{
    "repository": "https://github.com/sauljabin/changeloggh",
    "versions": [
        {
            "version": "Unreleased"
        },
        {
            "version": "1.0.3",
            "date": "2023-03-23",
            "changes": [
                {
                    "type": "Added",
                    "entries": [
                        "Update command"
                    ]
                }
            ]
        },
        {
            "version": "1.0.2",
            "date": "2023-03-21",
            "changes": [
                {
                    "type": "Fixed",
                    "entries": [
                        "Readme description"
                    ]
                }
            ]
        },
        {
            "version": "1.0.1",
            "date": "2023-03-21",
            "changes": [
                {
                    "type": "Fixed",
                    "entries": [
                        "Readme typo"
                    ]
                }
            ]
        },
        {
            "version": "1.0.0",
            "date": "2023-03-21",
            "changes": [
                {
                    "type": "Removed",
                    "entries": [
                        "Remove faker from dev"
                    ]
                }
            ]
        },
        {
            "version": "0.2.0",
            "date": "2023-03-21",
            "changes": [
                {
                    "type": "Added",
                    "entries": [
                        "Add change commands",
                        "Release command",
                        "Import command",
                        "Latest command",
                        "Print command",
                        "Init Command",
                        "Bump command"
                    ]
                }
            ]
        },
        {
            "version": "0.1.0",
            "date": "2023-03-21",
            "changes": [
                {
                    "type": "Added",
                    "entries": [
                        "Initial setup"
                    ]
                }
            ]
        }
    ]
}